// !$*UTF8*$!
{
	archiveVersion = 1;
	classes = {
	};
	objectVersion = 55;
	objects = {

/* Begin PBXBuildFile section */
		96267E8E2760CDC20001AB81 /* MyWebViewFundamental.swift in Sources */ = {isa = PBXBuildFile; fileRef = 96267E8D2760CDC20001AB81 /* MyWebViewFundamental.swift */; };
		962A6309275CB8A700E97FD6 /* MyBindingFuntion.swift in Sources */ = {isa = PBXBuildFile; fileRef = 962A6308275CB8A700E97FD6 /* MyBindingFuntion.swift */; };
		962A630B275CBA1B00E97FD6 /* MyBindingFuntion_Main.swift in Sources */ = {isa = PBXBuildFile; fileRef = 962A630A275CBA1B00E97FD6 /* MyBindingFuntion_Main.swift */; };
		9663D9E7275B5F81003098B7 /* ContentView.swift in Sources */ = {isa = PBXBuildFile; fileRef = 9663D9E6275B5F80003098B7 /* ContentView.swift */; };
		9663D9E9275B60C3003098B7 /* MycontentView.swift in Sources */ = {isa = PBXBuildFile; fileRef = 9663D9E8275B60C3003098B7 /* MycontentView.swift */; };
		969B3E7D27848F64004BC765 /* MyStack_View.swift in Sources */ = {isa = PBXBuildFile; fileRef = 969B3E7C27848F64004BC765 /* MyStack_View.swift */; };
		96B5CC8D2767860600AD52DC /* MyImage_View.swift in Sources */ = {isa = PBXBuildFile; fileRef = 96B5CC8C2767860600AD52DC /* MyImage_View.swift */; };
		96DA102927646DC700B391AA /*  MyFontTest.swift in Sources */ = {isa = PBXBuildFile; fileRef = 96DA102827646DC700B391AA /*  MyFontTest.swift */; };
		96DA102B2764773F00B391AA /* Image_Tutorial.swift in Sources */ = {isa = PBXBuildFile; fileRef = 96DA102A2764773F00B391AA /* Image_Tutorial.swift */; };
		96F2B93D27587CD6007F8626 /* SwiftUI_tutorial_testApp.swift in Sources */ = {isa = PBXBuildFile; fileRef = 96F2B93C27587CD6007F8626 /* SwiftUI_tutorial_testApp.swift */; };
		96F2B94127587CD7007F8626 /* Assets.xcassets in Resources */ = {isa = PBXBuildFile; fileRef = 96F2B94027587CD7007F8626 /* Assets.xcassets */; };
		96F2B94427587CD7007F8626 /* Preview Assets.xcassets in Resources */ = {isa = PBXBuildFile; fileRef = 96F2B94327587CD7007F8626 /* Preview Assets.xcassets */; };
		96F2B94B275882E5007F8626 /* MyVStackView.swift in Sources */ = {isa = PBXBuildFile; fileRef = 96F2B94A275882E5007F8626 /* MyVStackView.swift */; };
		96F2B94D275B5132007F8626 /* MytextView.swift in Sources */ = {isa = PBXBuildFile; fileRef = 96F2B94C275B5132007F8626 /* MytextView.swift */; };
/* End PBXBuildFile section */

/* Begin PBXFileReference section */
		96267E8D2760CDC20001AB81 /* MyWebViewFundamental.swift */ = {isa = PBXFileReference; lastKnownFileType = sourcecode.swift; path = MyWebViewFundamental.swift; sourceTree = "<group>"; };
		962A6308275CB8A700E97FD6 /* MyBindingFuntion.swift */ = {isa = PBXFileReference; lastKnownFileType = sourcecode.swift; path = MyBindingFuntion.swift; sourceTree = "<group>"; };
		962A630A275CBA1B00E97FD6 /* MyBindingFuntion_Main.swift */ = {isa = PBXFileReference; lastKnownFileType = sourcecode.swift; path = MyBindingFuntion_Main.swift; sourceTree = "<group>"; };
		9663D9E6275B5F80003098B7 /* ContentView.swift */ = {isa = PBXFileReference; fileEncoding = 4; lastKnownFileType = sourcecode.swift; path = ContentView.swift; sourceTree = "<group>"; };
		9663D9E8275B60C3003098B7 /* MycontentView.swift */ = {isa = PBXFileReference; lastKnownFileType = sourcecode.swift; path = MycontentView.swift; sourceTree = "<group>"; };
		969B3E7C27848F64004BC765 /* MyStack_View.swift */ = {isa = PBXFileReference; lastKnownFileType = sourcecode.swift; path = MyStack_View.swift; sourceTree = "<group>"; };
		96B5CC8C2767860600AD52DC /* MyImage_View.swift */ = {isa = PBXFileReference; lastKnownFileType = sourcecode.swift; path = MyImage_View.swift; sourceTree = "<group>"; };
		96DA102827646DC700B391AA /*  MyFontTest.swift */ = {isa = PBXFileReference; lastKnownFileType = sourcecode.swift; path = " MyFontTest.swift"; sourceTree = "<group>"; };
		96DA102A2764773F00B391AA /* Image_Tutorial.swift */ = {isa = PBXFileReference; lastKnownFileType = sourcecode.swift; path = Image_Tutorial.swift; sourceTree = "<group>"; };
		96F2B93927587CD6007F8626 /* SwiftUI_tutorial_test.app */ = {isa = PBXFileReference; explicitFileType = wrapper.application; includeInIndex = 0; path = SwiftUI_tutorial_test.app; sourceTree = BUILT_PRODUCTS_DIR; };
		96F2B93C27587CD6007F8626 /* SwiftUI_tutorial_testApp.swift */ = {isa = PBXFileReference; lastKnownFileType = sourcecode.swift; path = SwiftUI_tutorial_testApp.swift; sourceTree = "<group>"; };
		96F2B94027587CD7007F8626 /* Assets.xcassets */ = {isa = PBXFileReference; lastKnownFileType = folder.assetcatalog; path = Assets.xcassets; sourceTree = "<group>"; };
		96F2B94327587CD7007F8626 /* Preview Assets.xcassets */ = {isa = PBXFileReference; lastKnownFileType = folder.assetcatalog; path = "Preview Assets.xcassets"; sourceTree = "<group>"; };
		96F2B94A275882E5007F8626 /* MyVStackView.swift */ = {isa = PBXFileReference; lastKnownFileType = sourcecode.swift; name = MyVStackView.swift; path = SwiftUI_tutorial_test/MyVStackView.swift; sourceTree = SOURCE_ROOT; };
		96F2B94C275B5132007F8626 /* MytextView.swift */ = {isa = PBXFileReference; lastKnownFileType = sourcecode.swift; name = MytextView.swift; path = SwiftUI_tutorial_test/MytextView.swift; sourceTree = SOURCE_ROOT; };
/* End PBXFileReference section */

/* Begin PBXFrameworksBuildPhase section */
		96F2B93627587CD6007F8626 /* Frameworks */ = {
			isa = PBXFrameworksBuildPhase;
			buildActionMask = 2147483647;
			files = (
			);
			runOnlyForDeploymentPostprocessing = 0;
		};
/* End PBXFrameworksBuildPhase section */

/* Begin PBXGroup section */
		96F2B93027587CD6007F8626 = {
			isa = PBXGroup;
			children = (
				96F2B93B27587CD6007F8626 /* SwiftUI_tutorial_test */,
				96F2B93A27587CD6007F8626 /* Products */,
			);
			sourceTree = "<group>";
		};
		96F2B93A27587CD6007F8626 /* Products */ = {
			isa = PBXGroup;
			children = (
				96F2B93927587CD6007F8626 /* SwiftUI_tutorial_test.app */,
			);
			name = Products;
			sourceTree = "<group>";
		};
		96F2B93B27587CD6007F8626 /* SwiftUI_tutorial_test */ = {
			isa = PBXGroup;
			children = (
				96F2B93C27587CD6007F8626 /* SwiftUI_tutorial_testApp.swift */,
				9663D9E6275B5F80003098B7 /* ContentView.swift */,
				96F2B94027587CD7007F8626 /* Assets.xcassets */,
				96F2B94227587CD7007F8626 /* Preview Content */,
			);
			path = SwiftUI_tutorial_test;
			sourceTree = "<group>";
		};
		96F2B94227587CD7007F8626 /* Preview Content */ = {
			isa = PBXGroup;
			children = (
				962A6308275CB8A700E97FD6 /* MyBindingFuntion.swift */,
				962A630A275CBA1B00E97FD6 /* MyBindingFuntion_Main.swift */,
				96F2B94C275B5132007F8626 /* MytextView.swift */,
				96F2B94A275882E5007F8626 /* MyVStackView.swift */,
				9663D9E8275B60C3003098B7 /* MycontentView.swift */,
				96267E8D2760CDC20001AB81 /* MyWebViewFundamental.swift */,
				96DA102827646DC700B391AA /*  MyFontTest.swift */,
				96DA102A2764773F00B391AA /* Image_Tutorial.swift */,
				96B5CC8C2767860600AD52DC /* MyImage_View.swift */,
				969B3E7C27848F64004BC765 /* MyStack_View.swift */,
				96F2B94327587CD7007F8626 /* Preview Assets.xcassets */,
			);
			path = "Preview Content";
			sourceTree = "<group>";
		};
/* End PBXGroup section */

/* Begin PBXNativeTarget section */
		96F2B93827587CD6007F8626 /* SwiftUI_tutorial_test */ = {
			isa = PBXNativeTarget;
			buildConfigurationList = 96F2B94727587CD7007F8626 /* Build configuration list for PBXNativeTarget "SwiftUI_tutorial_test" */;
			buildPhases = (
				96F2B93527587CD6007F8626 /* Sources */,
				96F2B93627587CD6007F8626 /* Frameworks */,
				96F2B93727587CD6007F8626 /* Resources */,
			);
			buildRules = (
			);
			dependencies = (
			);
			name = SwiftUI_tutorial_test;
			productName = SwiftUI_tutorial_test;
			productReference = 96F2B93927587CD6007F8626 /* SwiftUI_tutorial_test.app */;
			productType = "com.apple.product-type.application";
		};
/* End PBXNativeTarget section */

/* Begin PBXProject section */
		96F2B93127587CD6007F8626 /* Project object */ = {
			isa = PBXProject;
			attributes = {
				BuildIndependentTargetsInParallel = 1;
				LastSwiftUpdateCheck = 1310;
				LastUpgradeCheck = 1310;
				TargetAttributes = {
					96F2B93827587CD6007F8626 = {
						CreatedOnToolsVersion = 13.1;
					};
				};
			};
			buildConfigurationList = 96F2B93427587CD6007F8626 /* Build configuration list for PBXProject "SwiftUI_tutorial_test" */;
			compatibilityVersion = "Xcode 13.0";
			developmentRegion = en;
			hasScannedForEncodings = 0;
			knownRegions = (
				en,
				Base,
			);
			mainGroup = 96F2B93027587CD6007F8626;
			productRefGroup = 96F2B93A27587CD6007F8626 /* Products */;
			projectDirPath = "";
			projectRoot = "";
			targets = (
				96F2B93827587CD6007F8626 /* SwiftUI_tutorial_test */,
			);
		};
/* End PBXProject section */

/* Begin PBXResourcesBuildPhase section */
		96F2B93727587CD6007F8626 /* Resources */ = {
			isa = PBXResourcesBuildPhase;
			buildActionMask = 2147483647;
			files = (
				96F2B94427587CD7007F8626 /* Preview Assets.xcassets in Resources */,
				96F2B94127587CD7007F8626 /* Assets.xcassets in Resources */,
			);
			runOnlyForDeploymentPostprocessing = 0;
		};
/* End PBXResourcesBuildPhase section */

/* Begin PBXSourcesBuildPhase section */
		96F2B93527587CD6007F8626 /* Sources */ = {
			isa = PBXSourcesBuildPhase;
			buildActionMask = 2147483647;
			files = (
				96F2B94D275B5132007F8626 /* MytextView.swift in Sources */,
				962A630B275CBA1B00E97FD6 /* MyBindingFuntion_Main.swift in Sources */,
				962A6309275CB8A700E97FD6 /* MyBindingFuntion.swift in Sources */,
				96DA102927646DC700B391AA /*  MyFontTest.swift in Sources */,
				96267E8E2760CDC20001AB81 /* MyWebViewFundamental.swift in Sources */,
				96F2B93D27587CD6007F8626 /* SwiftUI_tutorial_testApp.swift in Sources */,
				96B5CC8D2767860600AD52DC /* MyImage_View.swift in Sources */,
				969B3E7D27848F64004BC765 /* MyStack_View.swift in Sources */,
				9663D9E9275B60C3003098B7 /* MycontentView.swift in Sources */,
				96DA102B2764773F00B391AA /* Image_Tutorial.swift in Sources */,
				9663D9E7275B5F81003098B7 /* ContentView.swift in Sources */,
				96F2B94B275882E5007F8626 /* MyVStackView.swift in Sources */,
			);
			runOnlyForDeploymentPostprocessing = 0;
		};
/* End PBXSourcesBuildPhase section */

/* Begin XCBuildConfiguration section */
		96F2B94527587CD7007F8626 /* Debug */ = {
			isa = XCBuildConfiguration;
			buildSettings = {
				ALWAYS_SEARCH_USER_PATHS = NO;
				CLANG_ANALYZER_NONNULL = YES;
				CLANG_ANALYZER_NUMBER_OBJECT_CONVERSION = YES_AGGRESSIVE;
				CLANG_CXX_LANGUAGE_STANDARD = "gnu++17";
				CLANG_CXX_LIBRARY = "libc++";
				CLANG_ENABLE_MODULES = YES;
				CLANG_ENABLE_OBJC_ARC = YES;
				CLANG_ENABLE_OBJC_WEAK = YES;
				CLANG_WARN_BLOCK_CAPTURE_AUTORELEASING = YES;
				CLANG_WARN_BOOL_CONVERSION = YES;
				CLANG_WARN_COMMA = YES;
				CLANG_WARN_CONSTANT_CONVERSION = YES;
				CLANG_WARN_DEPRECATED_OBJC_IMPLEMENTATIONS = YES;
				CLANG_WARN_DIRECT_OBJC_ISA_USAGE = YES_ERROR;
				CLANG_WARN_DOCUMENTATION_COMMENTS = YES;
				CLANG_WARN_EMPTY_BODY = YES;
				CLANG_WARN_ENUM_CONVERSION = YES;
				CLANG_WARN_INFINITE_RECURSION = YES;
				CLANG_WARN_INT_CONVERSION = YES;
				CLANG_WARN_NON_LITERAL_NULL_CONVERSION = YES;
				CLANG_WARN_OBJC_IMPLICIT_RETAIN_SELF = YES;
				CLANG_WARN_OBJC_LITERAL_CONVERSION = YES;
				CLANG_WARN_OBJC_ROOT_CLASS = YES_ERROR;
				CLANG_WARN_QUOTED_INCLUDE_IN_FRAMEWORK_HEADER = YES;
				CLANG_WARN_RANGE_LOOP_ANALYSIS = YES;
				CLANG_WARN_STRICT_PROTOTYPES = YES;
				CLANG_WARN_SUSPICIOUS_MOVE = YES;
				CLANG_WARN_UNGUARDED_AVAILABILITY = YES_AGGRESSIVE;
				CLANG_WARN_UNREACHABLE_CODE = YES;
				CLANG_WARN__DUPLICATE_METHOD_MATCH = YES;
				COPY_PHASE_STRIP = NO;
				DEBUG_INFORMATION_FORMAT = dwarf;
				ENABLE_STRICT_OBJC_MSGSEND = YES;
				ENABLE_TESTABILITY = YES;
				GCC_C_LANGUAGE_STANDARD = gnu11;
				GCC_DYNAMIC_NO_PIC = NO;
				GCC_NO_COMMON_BLOCKS = YES;
				GCC_OPTIMIZATION_LEVEL = 0;
				GCC_PREPROCESSOR_DEFINITIONS = (
					"DEBUG=1",
					"$(inherited)",
				);
				GCC_WARN_64_TO_32_BIT_CONVERSION = YES;
				GCC_WARN_ABOUT_RETURN_TYPE = YES_ERROR;
				GCC_WARN_UNDECLARED_SELECTOR = YES;
				GCC_WARN_UNINITIALIZED_AUTOS = YES_AGGRESSIVE;
				GCC_WARN_UNUSED_FUNCTION = YES;
				GCC_WARN_UNUSED_VARIABLE = YES;
				IPHONEOS_DEPLOYMENT_TARGET = 15.0;
				MTL_ENABLE_DEBUG_INFO = INCLUDE_SOURCE;
				MTL_FAST_MATH = YES;
				ONLY_ACTIVE_ARCH = YES;
				SDKROOT = iphoneos;
				SWIFT_ACTIVE_COMPILATION_CONDITIONS = DEBUG;
				SWIFT_OPTIMIZATION_LEVEL = "-Onone";
			};
			name = Debug;
		};
		96F2B94627587CD7007F8626 /* Release */ = {
			isa = XCBuildConfiguration;
			buildSettings = {
				ALWAYS_SEARCH_USER_PATHS = NO;
				CLANG_ANALYZER_NONNULL = YES;
				CLANG_ANALYZER_NUMBER_OBJECT_CONVERSION = YES_AGGRESSIVE;
				CLANG_CXX_LANGUAGE_STANDARD = "gnu++17";
				CLANG_CXX_LIBRARY = "libc++";
				CLANG_ENABLE_MODULES = YES;
				CLANG_ENABLE_OBJC_ARC = YES;
				CLANG_ENABLE_OBJC_WEAK = YES;
				CLANG_WARN_BLOCK_CAPTURE_AUTORELEASING = YES;
				CLANG_WARN_BOOL_CONVERSION = YES;
				CLANG_WARN_COMMA = YES;
				CLANG_WARN_CONSTANT_CONVERSION = YES;
				CLANG_WARN_DEPRECATED_OBJC_IMPLEMENTATIONS = YES;
				CLANG_WARN_DIRECT_OBJC_ISA_USAGE = YES_ERROR;
				CLANG_WARN_DOCUMENTATION_COMMENTS = YES;
				CLANG_WARN_EMPTY_BODY = YES;
				CLANG_WARN_ENUM_CONVERSION = YES;
				CLANG_WARN_INFINITE_RECURSION = YES;
				CLANG_WARN_INT_CONVERSION = YES;
				CLANG_WARN_NON_LITERAL_NULL_CONVERSION = YES;
				CLANG_WARN_OBJC_IMPLICIT_RETAIN_SELF = YES;
				CLANG_WARN_OBJC_LITERAL_CONVERSION = YES;
				CLANG_WARN_OBJC_ROOT_CLASS = YES_ERROR;
				CLANG_WARN_QUOTED_INCLUDE_IN_FRAMEWORK_HEADER = YES;
				CLANG_WARN_RANGE_LOOP_ANALYSIS = YES;
				CLANG_WARN_STRICT_PROTOTYPES = YES;
				CLANG_WARN_SUSPICIOUS_MOVE = YES;
				CLANG_WARN_UNGUARDED_AVAILABILITY = YES_AGGRESSIVE;
				CLANG_WARN_UNREACHABLE_CODE = YES;
				CLANG_WARN__DUPLICATE_METHOD_MATCH = YES;
				COPY_PHASE_STRIP = NO;
				DEBUG_INFORMATION_FORMAT = "dwarf-with-dsym";
				ENABLE_NS_ASSERTIONS = NO;
				ENABLE_STRICT_OBJC_MSGSEND = YES;
				GCC_C_LANGUAGE_STANDARD = gnu11;
				GCC_NO_COMMON_BLOCKS = YES;
				GCC_WARN_64_TO_32_BIT_CONVERSION = YES;
				GCC_WARN_ABOUT_RETURN_TYPE = YES_ERROR;
				GCC_WARN_UNDECLARED_SELECTOR = YES;
				GCC_WARN_UNINITIALIZED_AUTOS = YES_AGGRESSIVE;
				GCC_WARN_UNUSED_FUNCTION = YES;
				GCC_WARN_UNUSED_VARIABLE = YES;
				IPHONEOS_DEPLOYMENT_TARGET = 15.0;
				MTL_ENABLE_DEBUG_INFO = NO;
				MTL_FAST_MATH = YES;
				SDKROOT = iphoneos;
				SWIFT_COMPILATION_MODE = wholemodule;
				SWIFT_OPTIMIZATION_LEVEL = "-O";
				VALIDATE_PRODUCT = YES;
			};
			name = Release;
		};
		96F2B94827587CD7007F8626 /* Debug */ = {
			isa = XCBuildConfiguration;
			buildSettings = {
				ASSETCATALOG_COMPILER_APPICON_NAME = AppIcon;
				ASSETCATALOG_COMPILER_GLOBAL_ACCENT_COLOR_NAME = AccentColor;
				ASSETCATALOG_COMPILER_INCLUDE_ALL_APPICON_ASSETS = YES;
				CODE_SIGN_STYLE = Automatic;
				CURRENT_PROJECT_VERSION = 1;
				DEVELOPMENT_ASSET_PATHS = "\"SwiftUI_tutorial_test/Preview Content\"";
				DEVELOPMENT_TEAM = LF92S387VF;
				ENABLE_PREVIEWS = YES;
				GENERATE_INFOPLIST_FILE = YES;
				INFOPLIST_FILE = "SwiftUI-tutorial-test-Info.plist";
				INFOPLIST_KEY_UIApplicationSceneManifest_Generation = YES;
				INFOPLIST_KEY_UIApplicationSupportsIndirectInputEvents = YES;
				INFOPLIST_KEY_UILaunchScreen_Generation = YES;
				INFOPLIST_KEY_UISupportedInterfaceOrientations_iPad = "UIInterfaceOrientationPortrait UIInterfaceOrientationPortraitUpsideDown UIInterfaceOrientationLandscapeLeft UIInterfaceOrientationLandscapeRight";
				INFOPLIST_KEY_UISupportedInterfaceOrientations_iPhone = "UIInterfaceOrientationPortrait UIInterfaceOrientationLandscapeLeft UIInterfaceOrientationLandscapeRight";
				LD_RUNPATH_SEARCH_PATHS = (
					"$(inherited)",
					"@executable_path/Frameworks",
				);
				MARKETING_VERSION = 1.0;
				PRODUCT_BUNDLE_IDENTIFIER = "Leesanguk.SwiftUI-tutorial-test";
				PRODUCT_NAME = "$(TARGET_NAME)";
				SWIFT_EMIT_LOC_STRINGS = YES;
				SWIFT_VERSION = 5.0;
				TARGETED_DEVICE_FAMILY = "1,2";
			};
			name = Debug;
		};
		96F2B94927587CD7007F8626 /* Release */ = {
			isa = XCBuildConfiguration;
			buildSettings = {
				ASSETCATALOG_COMPILER_APPICON_NAME = AppIcon;
				ASSETCATALOG_COMPILER_GLOBAL_ACCENT_COLOR_NAME = AccentColor;
				ASSETCATALOG_COMPILER_INCLUDE_ALL_APPICON_ASSETS = YES;
				CODE_SIGN_STYLE = Automatic;
				CURRENT_PROJECT_VERSION = 1;
				DEVELOPMENT_ASSET_PATHS = "\"SwiftUI_tutorial_test/Preview Content\"";
				DEVELOPMENT_TEAM = LF92S387VF;
				ENABLE_PREVIEWS = YES;
				GENERATE_INFOPLIST_FILE = YES;
				INFOPLIST_FILE = "SwiftUI-tutorial-test-Info.plist";
				INFOPLIST_KEY_UIApplicationSceneManifest_Generation = YES;
				INFOPLIST_KEY_UIApplicationSupportsIndirectInputEvents = YES;
				INFOPLIST_KEY_UILaunchScreen_Generation = YES;
				INFOPLIST_KEY_UISupportedInterfaceOrientations_iPad = "UIInterfaceOrientationPortrait UIInterfaceOrientationPortraitUpsideDown UIInterfaceOrientationLandscapeLeft UIInterfaceOrientationLandscapeRight";
				INFOPLIST_KEY_UISupportedInterfaceOrientations_iPhone = "UIInterfaceOrientationPortrait UIInterfaceOrientationLandscapeLeft UIInterfaceOrientationLandscapeRight";
				LD_RUNPATH_SEARCH_PATHS = (
					"$(inherited)",
					"@executable_path/Frameworks",
				);
				MARKETING_VERSION = 1.0;
				PRODUCT_BUNDLE_IDENTIFIER = "Leesanguk.SwiftUI-tutorial-test";
				PRODUCT_NAME = "$(TARGET_NAME)";
				SWIFT_EMIT_LOC_STRINGS = YES;
				SWIFT_VERSION = 5.0;
				TARGETED_DEVICE_FAMILY = "1,2";
			};
			name = Release;
		};
/* End XCBuildConfiguration section */

/* Begin XCConfigurationList section */
		96F2B93427587CD6007F8626 /* Build configuration list for PBXProject "SwiftUI_tutorial_test" */ = {
			isa = XCConfigurationList;
			buildConfigurations = (
				96F2B94527587CD7007F8626 /* Debug */,
				96F2B94627587CD7007F8626 /* Release */,
			);
			defaultConfigurationIsVisible = 0;
			defaultConfigurationName = Release;
		};
		96F2B94727587CD7007F8626 /* Build configuration list for PBXNativeTarget "SwiftUI_tutorial_test" */ = {
			isa = XCConfigurationList;
			buildConfigurations = (
				96F2B94827587CD7007F8626 /* Debug */,
				96F2B94927587CD7007F8626 /* Release */,
			);
			defaultConfigurationIsVisible = 0;
			defaultConfigurationName = Release;
		};
/* End XCConfigurationList section */
	};
	rootObject = 96F2B93127587CD6007F8626 /* Project object */;
}
